
Microsoft Visual Studio Solution File, Format Version 12.00
# Visual Studio 14
VisualStudioVersion = 14.0.25420.1
MinimumVisualStudioVersion = 10.0.40219.1
Project("{FAE04EC0-301F-11D3-BF4B-00C04F79EFBC}") = "Number of Ones", "Number of Ones\Number of Ones.csproj", "{0AEA3B2F-48D1-4132-B7F3-A21A8E4D7394}"
EndProject
Global
	GlobalSection(SolutionConfigurationPlatforms) = preSolution
		Debug|Any CPU = Debug|Any CPU
		Release|Any CPU = Release|Any CPU
	EndGlobalSection
	GlobalSection(ProjectConfigurationPlatforms) = postSolution
		{0AEA3B2F-48D1-4132-B7F3-A21A8E4D7394}.Debug|Any CPU.ActiveCfg = Debug|Any CPU
		{0AEA3B2F-48D1-4132-B7F3-A21A8E4D7394}.Debug|Any CPU.Build.0 = Debug|Any CPU
		{0AEA3B2F-48D1-4132-B7F3-A21A8E4D7394}.Release|Any CPU.ActiveCfg = Release|Any CPU
		{0AEA3B2F-48D1-4132-B7F3-A21A8E4D7394}.Release|Any CPU.Build.0 = Release|Any CPU
	EndGlobalSection
	GlobalSection(SolutionProperties) = preSolution
		HideSolutionNode = FALSE
	EndGlobalSection
EndGlobal
