
Microsoft Visual Studio Solution File, Format Version 12.00
# Visual Studio 14
VisualStudioVersion = 14.0.25420.1
MinimumVisualStudioVersion = 10.0.40219.1
Project("{FAE04EC0-301F-11D3-BF4B-00C04F79EFBC}") = "DA VYNCY", "DA VYNCY\DA VYNCY.csproj", "{F9597A01-0157-4871-9C2D-F5A609514EE5}"
EndProject
Global
	GlobalSection(SolutionConfigurationPlatforms) = preSolution
		Debug|Any CPU = Debug|Any CPU
		Release|Any CPU = Release|Any CPU
	EndGlobalSection
	GlobalSection(ProjectConfigurationPlatforms) = postSolution
		{F9597A01-0157-4871-9C2D-F5A609514EE5}.Debug|Any CPU.ActiveCfg = Debug|Any CPU
		{F9597A01-0157-4871-9C2D-F5A609514EE5}.Debug|Any CPU.Build.0 = Debug|Any CPU
		{F9597A01-0157-4871-9C2D-F5A609514EE5}.Release|Any CPU.ActiveCfg = Release|Any CPU
		{F9597A01-0157-4871-9C2D-F5A609514EE5}.Release|Any CPU.Build.0 = Release|Any CPU
	EndGlobalSection
	GlobalSection(SolutionProperties) = preSolution
		HideSolutionNode = FALSE
	EndGlobalSection
EndGlobal
